// !$*UTF8*$!
{
	archiveVersion = 1;
	classes = {
	};
	objectVersion = 46;
	objects = {

/* Begin PBXBuildFile section */
		FB0F163D1E14C2D700549351 /* main.m in Sources */ = {isa = PBXBuildFile; fileRef = FB0F163C1E14C2D700549351 /* main.m */; };
		FB0F16401E14C2D700549351 /* AppDelegate.m in Sources */ = {isa = PBXBuildFile; fileRef = FB0F163F1E14C2D700549351 /* AppDelegate.m */; };
		FB0F16431E14C2D700549351 /* ViewController.m in Sources */ = {isa = PBXBuildFile; fileRef = FB0F16421E14C2D700549351 /* ViewController.m */; };
		FB0F16461E14C2D700549351 /* Main.storyboard in Resources */ = {isa = PBXBuildFile; fileRef = FB0F16441E14C2D700549351 /* Main.storyboard */; };
		FB0F16481E14C2D700549351 /* Assets.xcassets in Resources */ = {isa = PBXBuildFile; fileRef = FB0F16471E14C2D700549351 /* Assets.xcassets */; };
		FB0F164B1E14C2D700549351 /* LaunchScreen.storyboard in Resources */ = {isa = PBXBuildFile; fileRef = FB0F16491E14C2D700549351 /* LaunchScreen.storyboard */; };
/* End PBXBuildFile section */

/* Begin PBXFileReference section */
		FB0F16381E14C2D700549351 /* BubbleSpeechView.app */ = {isa = PBXFileReference; explicitFileType = wrapper.application; includeInIndex = 0; path = BubbleSpeechView.app; sourceTree = BUILT_PRODUCTS_DIR; };
		FB0F163C1E14C2D700549351 /* main.m */ = {isa = PBXFileReference; lastKnownFileType = sourcecode.c.objc; path = main.m; sourceTree = "<group>"; };
		FB0F163E1E14C2D700549351 /* AppDelegate.h */ = {isa = PBXFileReference; lastKnownFileType = sourcecode.c.h; path = AppDelegate.h; sourceTree = "<group>"; };
		FB0F163F1E14C2D700549351 /* AppDelegate.m */ = {isa = PBXFileReference; lastKnownFileType = sourcecode.c.objc; path = AppDelegate.m; sourceTree = "<group>"; };
		FB0F16411E14C2D700549351 /* ViewController.h */ = {isa = PBXFileReference; lastKnownFileType = sourcecode.c.h; path = ViewController.h; sourceTree = "<group>"; };
		FB0F16421E14C2D700549351 /* ViewController.m */ = {isa = PBXFileReference; lastKnownFileType = sourcecode.c.objc; path = ViewController.m; sourceTree = "<group>"; };
		FB0F16451E14C2D700549351 /* Base */ = {isa = PBXFileReference; lastKnownFileType = file.storyboard; name = Base; path = Base.lproj/Main.storyboard; sourceTree = "<group>"; };
		FB0F16471E14C2D700549351 /* Assets.xcassets */ = {isa = PBXFileReference; lastKnownFileType = folder.assetcatalog; path = Assets.xcassets; sourceTree = "<group>"; };
		FB0F164A1E14C2D700549351 /* Base */ = {isa = PBXFileReference; lastKnownFileType = file.storyboard; name = Base; path = Base.lproj/LaunchScreen.storyboard; sourceTree = "<group>"; };
		FB0F164C1E14C2D700549351 /* Info.plist */ = {isa = PBXFileReference; lastKnownFileType = text.plist.xml; path = Info.plist; sourceTree = "<group>"; };
/* End PBXFileReference section */

/* Begin PBXFrameworksBuildPhase section */
		FB0F16351E14C2D700549351 /* Frameworks */ = {
			isa = PBXFrameworksBuildPhase;
			buildActionMask = 2147483647;
			files = (
			);
			runOnlyForDeploymentPostprocessing = 0;
		};
/* End PBXFrameworksBuildPhase section */

/* Begin PBXGroup section */
		FB0F162F1E14C2D700549351 = {
			isa = PBXGroup;
			children = (
				FB0F163A1E14C2D700549351 /* BubbleSpeechView */,
				FB0F16391E14C2D700549351 /* Products */,
			);
			sourceTree = "<group>";
		};
		FB0F16391E14C2D700549351 /* Products */ = {
			isa = PBXGroup;
			children = (
				FB0F16381E14C2D700549351 /* BubbleSpeechView.app */,
			);
			name = Products;
			sourceTree = "<group>";
		};
		FB0F163A1E14C2D700549351 /* BubbleSpeechView */ = {
			isa = PBXGroup;
			children = (
				FB0F163E1E14C2D700549351 /* AppDelegate.h */,
				FB0F163F1E14C2D700549351 /* AppDelegate.m */,
				FB0F16411E14C2D700549351 /* ViewController.h */,
				FB0F16421E14C2D700549351 /* ViewController.m */,
				FB0F16441E14C2D700549351 /* Main.storyboard */,
				FB0F16471E14C2D700549351 /* Assets.xcassets */,
				FB0F16491E14C2D700549351 /* LaunchScreen.storyboard */,
				FB0F164C1E14C2D700549351 /* Info.plist */,
				FB0F163B1E14C2D700549351 /* Supporting Files */,
			);
			path = BubbleSpeechView;
			sourceTree = "<group>";
		};
		FB0F163B1E14C2D700549351 /* Supporting Files */ = {
			isa = PBXGroup;
			children = (
				FB0F163C1E14C2D700549351 /* main.m */,
			);
			name = "Supporting Files";
			sourceTree = "<group>";
		};
/* End PBXGroup section */

/* Begin PBXNativeTarget section */
		FB0F16371E14C2D700549351 /* BubbleSpeechView */ = {
			isa = PBXNativeTarget;
			buildConfigurationList = FB0F164F1E14C2D700549351 /* Build configuration list for PBXNativeTarget "BubbleSpeechView" */;
			buildPhases = (
				FB0F16341E14C2D700549351 /* Sources */,
				FB0F16351E14C2D700549351 /* Frameworks */,
				FB0F16361E14C2D700549351 /* Resources */,
			);
			buildRules = (
			);
			dependencies = (
			);
			name = BubbleSpeechView;
			productName = BubbleSpeechView;
			productReference = FB0F16381E14C2D700549351 /* BubbleSpeechView.app */;
			productType = "com.apple.product-type.application";
		};
/* End PBXNativeTarget section */

/* Begin PBXProject section */
		FB0F16301E14C2D700549351 /* Project object */ = {
			isa = PBXProject;
			attributes = {
				LastUpgradeCheck = 0810;
				ORGANIZATIONNAME = thanhnv;
				TargetAttributes = {
					FB0F16371E14C2D700549351 = {
						CreatedOnToolsVersion = 8.1;
						ProvisioningStyle = Automatic;
					};
				};
			};
			buildConfigurationList = FB0F16331E14C2D700549351 /* Build configuration list for PBXProject "BubbleSpeechView" */;
			compatibilityVersion = "Xcode 3.2";
			developmentRegion = English;
			hasScannedForEncodings = 0;
			knownRegions = (
				en,
				Base,
			);
			mainGroup = FB0F162F1E14C2D700549351;
			productRefGroup = FB0F16391E14C2D700549351 /* Products */;
			projectDirPath = "";
			projectRoot = "";
			targets = (
				FB0F16371E14C2D700549351 /* BubbleSpeechView */,
			);
		};
/* End PBXProject section */

/* Begin PBXResourcesBuildPhase section */
		FB0F16361E14C2D700549351 /* Resources */ = {
			isa = PBXResourcesBuildPhase;
			buildActionMask = 2147483647;
			files = (
				FB0F164B1E14C2D700549351 /* LaunchScreen.storyboard in Resources */,
				FB0F16481E14C2D700549351 /* Assets.xcassets in Resources */,
				FB0F16461E14C2D700549351 /* Main.storyboard in Resources */,
			);
			runOnlyForDeploymentPostprocessing = 0;
		};
/* End PBXResourcesBuildPhase section */

/* Begin PBXSourcesBuildPhase section */
		FB0F16341E14C2D700549351 /* Sources */ = {
			isa = PBXSourcesBuildPhase;
			buildActionMask = 2147483647;
			files = (
				FB0F16431E14C2D700549351 /* ViewController.m in Sources */,
				FB0F16401E14C2D700549351 /* AppDelegate.m in Sources */,
				FB0F163D1E14C2D700549351 /* main.m in Sources */,
			);
			runOnlyForDeploymentPostprocessing = 0;
		};
/* End PBXSourcesBuildPhase section */

/* Begin PBXVariantGroup section */
		FB0F16441E14C2D700549351 /* Main.storyboard */ = {
			isa = PBXVariantGroup;
			children = (
				FB0F16451E14C2D700549351 /* Base */,
			);
			name = Main.storyboard;
			sourceTree = "<group>";
		};
		FB0F16491E14C2D700549351 /* LaunchScreen.storyboard */ = {
			isa = PBXVariantGroup;
			children = (
				FB0F164A1E14C2D700549351 /* Base */,
			);
			name = LaunchScreen.storyboard;
			sourceTree = "<group>";
		};
/* End PBXVariantGroup section */

/* Begin XCBuildConfiguration section */
		FB0F164D1E14C2D700549351 /* Debug */ = {
			isa = XCBuildConfiguration;
			buildSettings = {
				ALWAYS_SEARCH_USER_PATHS = NO;
				CLANG_ANALYZER_NONNULL = YES;
				CLANG_CXX_LANGUAGE_STANDARD = "gnu++0x";
				CLANG_CXX_LIBRARY = "libc++";
				CLANG_ENABLE_MODULES = YES;
				CLANG_ENABLE_OBJC_ARC = YES;
				CLANG_WARN_BOOL_CONVERSION = YES;
				CLANG_WARN_CONSTANT_CONVERSION = YES;
				CLANG_WARN_DIRECT_OBJC_ISA_USAGE = YES_ERROR;
				CLANG_WARN_DOCUMENTATION_COMMENTS = YES;
				CLANG_WARN_EMPTY_BODY = YES;
				CLANG_WARN_ENUM_CONVERSION = YES;
				CLANG_WARN_INFINITE_RECURSION = YES;
				CLANG_WARN_INT_CONVERSION = YES;
				CLANG_WARN_OBJC_ROOT_CLASS = YES_ERROR;
				CLANG_WARN_SUSPICIOUS_MOVES = YES;
				CLANG_WARN_UNREACHABLE_CODE = YES;
				CLANG_WARN__DUPLICATE_METHOD_MATCH = YES;
				"CODE_SIGN_IDENTITY[sdk=iphoneos*]" = "iPhone Developer";
				COPY_PHASE_STRIP = NO;
				DEBUG_INFORMATION_FORMAT = dwarf;
				ENABLE_STRICT_OBJC_MSGSEND = YES;
				ENABLE_TESTABILITY = YES;
				GCC_C_LANGUAGE_STANDARD = gnu99;
				GCC_DYNAMIC_NO_PIC = NO;
				GCC_NO_COMMON_BLOCKS = YES;
				GCC_OPTIMIZATION_LEVEL = 0;
				GCC_PREPROCESSOR_DEFINITIONS = (
					"DEBUG=1",
					"$(inherited)",
				);
				GCC_WARN_64_TO_32_BIT_CONVERSION = YES;
				GCC_WARN_ABOUT_RETURN_TYPE = YES_ERROR;
				GCC_WARN_UNDECLARED_SELECTOR = YES;
				GCC_WARN_UNINITIALIZED_AUTOS = YES_AGGRESSIVE;
				GCC_WARN_UNUSED_FUNCTION = YES;
				GCC_WARN_UNUSED_VARIABLE = YES;
				IPHONEOS_DEPLOYMENT_TARGET = 10.1;
				MTL_ENABLE_DEBUG_INFO = YES;
				ONLY_ACTIVE_ARCH = YES;
				SDKROOT = iphoneos;
				TARGETED_DEVICE_FAMILY = "1,2";
			};
			name = Debug;
		};
		FB0F164E1E14C2D700549351 /* Release */ = {
			isa = XCBuildConfiguration;
			buildSettings = {
				ALWAYS_SEARCH_USER_PATHS = NO;
				CLANG_ANALYZER_NONNULL = YES;
				CLANG_CXX_LANGUAGE_STANDARD = "gnu++0x";
				CLANG_CXX_LIBRARY = "libc++";
				CLANG_ENABLE_MODULES = YES;
				CLANG_ENABLE_OBJC_ARC = YES;
				CLANG_WARN_BOOL_CONVERSION = YES;
				CLANG_WARN_CONSTANT_CONVERSION = YES;
				CLANG_WARN_DIRECT_OBJC_ISA_USAGE = YES_ERROR;
				CLANG_WARN_DOCUMENTATION_COMMENTS = YES;
				CLANG_WARN_EMPTY_BODY = YES;
				CLANG_WARN_ENUM_CONVERSION = YES;
				CLANG_WARN_INFINITE_RECURSION = YES;
				CLANG_WARN_INT_CONVERSION = YES;
				CLANG_WARN_OBJC_ROOT_CLASS = YES_ERROR;
				CLANG_WARN_SUSPICIOUS_MOVES = YES;
				CLANG_WARN_UNREACHABLE_CODE = YES;
				CLANG_WARN__DUPLICATE_METHOD_MATCH = YES;
				"CODE_SIGN_IDENTITY[sdk=iphoneos*]" = "iPhone Developer";
				COPY_PHASE_STRIP = NO;
				DEBUG_INFORMATION_FORMAT = "dwarf-with-dsym";
				ENABLE_NS_ASSERTIONS = NO;
				ENABLE_STRICT_OBJC_MSGSEND = YES;
				GCC_C_LANGUAGE_STANDARD = gnu99;
				GCC_NO_COMMON_BLOCKS = YES;
				GCC_WARN_64_TO_32_BIT_CONVERSION = YES;
				GCC_WARN_ABOUT_RETURN_TYPE = YES_ERROR;
				GCC_WARN_UNDECLARED_SELECTOR = YES;
				GCC_WARN_UNINITIALIZED_AUTOS = YES_AGGRESSIVE;
				GCC_WARN_UNUSED_FUNCTION = YES;
				GCC_WARN_UNUSED_VARIABLE = YES;
				IPHONEOS_DEPLOYMENT_TARGET = 10.1;
				MTL_ENABLE_DEBUG_INFO = NO;
				SDKROOT = iphoneos;
				TARGETED_DEVICE_FAMILY = "1,2";
				VALIDATE_PRODUCT = YES;
			};
			name = Release;
		};
		FB0F16501E14C2D700549351 /* Debug */ = {
			isa = XCBuildConfiguration;
			buildSettings = {
				ASSETCATALOG_COMPILER_APPICON_NAME = AppIcon;
				INFOPLIST_FILE = BubbleSpeechView/Info.plist;
				LD_RUNPATH_SEARCH_PATHS = "$(inherited) @executable_path/Frameworks";
				PRODUCT_BUNDLE_IDENTIFIER = thanhnv.BubbleSpeechView;
				PRODUCT_NAME = "$(TARGET_NAME)";
			};
			name = Debug;
		};
		FB0F16511E14C2D700549351 /* Release */ = {
			isa = XCBuildConfiguration;
			buildSettings = {
				ASSETCATALOG_COMPILER_APPICON_NAME = AppIcon;
				INFOPLIST_FILE = BubbleSpeechView/Info.plist;
				LD_RUNPATH_SEARCH_PATHS = "$(inherited) @executable_path/Frameworks";
				PRODUCT_BUNDLE_IDENTIFIER = thanhnv.BubbleSpeechView;
				PRODUCT_NAME = "$(TARGET_NAME)";
			};
			name = Release;
		};
/* End XCBuildConfiguration section */

/* Begin XCConfigurationList section */
		FB0F16331E14C2D700549351 /* Build configuration list for PBXProject "BubbleSpeechView" */ = {
			isa = XCConfigurationList;
			buildConfigurations = (
				FB0F164D1E14C2D700549351 /* Debug */,
				FB0F164E1E14C2D700549351 /* Release */,
			);
			defaultConfigurationIsVisible = 0;
			defaultConfigurationName = Release;
		};
		FB0F164F1E14C2D700549351 /* Build configuration list for PBXNativeTarget "BubbleSpeechView" */ = {
			isa = XCConfigurationList;
			buildConfigurations = (
				FB0F16501E14C2D700549351 /* Debug */,
				FB0F16511E14C2D700549351 /* Release */,
			);
			defaultConfigurationIsVisible = 0;
		};
/* End XCConfigurationList section */
	};
	rootObject = FB0F16301E14C2D700549351 /* Project object */;
}
